// !$*UTF8*$!
{
	archiveVersion = 1;
	classes = {
	};
	objectVersion = 46;
	objects = {

/* Begin PBXBuildFile section */
		E7A596C31B8564D0004D02FC /* main.m in Sources */ = {isa = PBXBuildFile; fileRef = E7A596C21B8564D0004D02FC /* main.m */; };
		E7A596C61B8564D0004D02FC /* AppDelegate.m in Sources */ = {isa = PBXBuildFile; fileRef = E7A596C51B8564D0004D02FC /* AppDelegate.m */; };
		E7A596C91B8564D0004D02FC /* ViewController.m in Sources */ = {isa = PBXBuildFile; fileRef = E7A596C81B8564D0004D02FC /* ViewController.m */; };
		E7A596CC1B8564D0004D02FC /* Main.storyboard in Resources */ = {isa = PBXBuildFile; fileRef = E7A596CA1B8564D0004D02FC /* Main.storyboard */; };
		E7A596CE1B8564D0004D02FC /* Images.xcassets in Resources */ = {isa = PBXBuildFile; fileRef = E7A596CD1B8564D0004D02FC /* Images.xcassets */; };
		E7A596D11B8564D0004D02FC /* LaunchScreen.xib in Resources */ = {isa = PBXBuildFile; fileRef = E7A596CF1B8564D0004D02FC /* LaunchScreen.xib */; };
		E7A596DD1B8564D0004D02FC /* GLEntityTests.m in Sources */ = {isa = PBXBuildFile; fileRef = E7A596DC1B8564D0004D02FC /* GLEntityTests.m */; };
		E7A596FF1B856686004D02FC /* libsqlite3.dylib in Frameworks */ = {isa = PBXBuildFile; fileRef = E7A596FE1B856686004D02FC /* libsqlite3.dylib */; };
		E7A5970A1B8579CD004D02FC /* Person.m in Sources */ = {isa = PBXBuildFile; fileRef = E7A597091B8579CD004D02FC /* Person.m */; };
		E7A5970D1B8579F3004D02FC /* Person_birthday.m in Sources */ = {isa = PBXBuildFile; fileRef = E7A5970C1B8579F3004D02FC /* Person_birthday.m */; };
		E7A597101B857A1D004D02FC /* Person_sisters.m in Sources */ = {isa = PBXBuildFile; fileRef = E7A5970F1B857A1D004D02FC /* Person_sisters.m */; };
		E7A597171B857AA8004D02FC /* SubViewController.m in Sources */ = {isa = PBXBuildFile; fileRef = E7A597121B857AA8004D02FC /* SubViewController.m */; };
		E7A597181B857AA8004D02FC /* SubViewController.xib in Resources */ = {isa = PBXBuildFile; fileRef = E7A597131B857AA8004D02FC /* SubViewController.xib */; };
		E7A597191B857AA8004D02FC /* TableViewCell.m in Sources */ = {isa = PBXBuildFile; fileRef = E7A597151B857AA8004D02FC /* TableViewCell.m */; };
		E7A5971A1B857AA8004D02FC /* TableViewCell.xib in Resources */ = {isa = PBXBuildFile; fileRef = E7A597161B857AA8004D02FC /* TableViewCell.xib */; };
		E7DB1BC81BA16E6E0058A2B5 /* LICENSE in Resources */ = {isa = PBXBuildFile; fileRef = E7DB1BC71BA16E6E0058A2B5 /* LICENSE */; };
		E7DB1BCA1BA16E770058A2B5 /* GLEntity.podspec in Resources */ = {isa = PBXBuildFile; fileRef = E7DB1BC91BA16E770058A2B5 /* GLEntity.podspec */; };
		E7DB1BCF1BA175450058A2B5 /* JSONKit.m in Sources */ = {isa = PBXBuildFile; fileRef = E7DB1BCD1BA175450058A2B5 /* JSONKit.m */; settings = {COMPILER_FLAGS = "-fno-objc-arc"; }; };
		E7DB1BDD1BA176130058A2B5 /* FMDatabase.m in Sources */ = {isa = PBXBuildFile; fileRef = E7DB1BD31BA176130058A2B5 /* FMDatabase.m */; };
		E7DB1BDE1BA176130058A2B5 /* FMDatabaseAdditions.m in Sources */ = {isa = PBXBuildFile; fileRef = E7DB1BD51BA176130058A2B5 /* FMDatabaseAdditions.m */; };
		E7DB1BDF1BA176130058A2B5 /* FMDatabasePool.m in Sources */ = {isa = PBXBuildFile; fileRef = E7DB1BD71BA176130058A2B5 /* FMDatabasePool.m */; };
		E7DB1BE01BA176130058A2B5 /* FMDatabaseQueue.m in Sources */ = {isa = PBXBuildFile; fileRef = E7DB1BD91BA176130058A2B5 /* FMDatabaseQueue.m */; };
		E7DB1BE11BA176130058A2B5 /* FMResultSet.m in Sources */ = {isa = PBXBuildFile; fileRef = E7DB1BDC1BA176130058A2B5 /* FMResultSet.m */; };
		E7DB1BF11BA17FFA0058A2B5 /* GLBaseEntity.m in Sources */ = {isa = PBXBuildFile; fileRef = E7DB1BEE1BA17FFA0058A2B5 /* GLBaseEntity.m */; };
		E7DB1BF21BA17FFA0058A2B5 /* GLDBManager.m in Sources */ = {isa = PBXBuildFile; fileRef = E7DB1BF01BA17FFA0058A2B5 /* GLDBManager.m */; };
		E7FF04001C72CBB700E39BA0 /* NSString+AddFormatter.m in Sources */ = {isa = PBXBuildFile; fileRef = E7FF03FF1C72CBB700E39BA0 /* NSString+AddFormatter.m */; };
/* End PBXBuildFile section */

/* Begin PBXContainerItemProxy section */
		E7A596D71B8564D0004D02FC /* PBXContainerItemProxy */ = {
			isa = PBXContainerItemProxy;
			containerPortal = E7A596B51B8564D0004D02FC /* Project object */;
			proxyType = 1;
			remoteGlobalIDString = E7A596BC1B8564D0004D02FC;
			remoteInfo = GLEntity;
		};
/* End PBXContainerItemProxy section */

/* Begin PBXFileReference section */
		E7A596BD1B8564D0004D02FC /* GLEntity.app */ = {isa = PBXFileReference; explicitFileType = wrapper.application; includeInIndex = 0; path = GLEntity.app; sourceTree = BUILT_PRODUCTS_DIR; };
		E7A596C11B8564D0004D02FC /* Info.plist */ = {isa = PBXFileReference; lastKnownFileType = text.plist.xml; path = Info.plist; sourceTree = "<group>"; };
		E7A596C21B8564D0004D02FC /* main.m */ = {isa = PBXFileReference; lastKnownFileType = sourcecode.c.objc; path = main.m; sourceTree = "<group>"; };
		E7A596C41B8564D0004D02FC /* AppDelegate.h */ = {isa = PBXFileReference; lastKnownFileType = sourcecode.c.h; path = AppDelegate.h; sourceTree = "<group>"; };
		E7A596C51B8564D0004D02FC /* AppDelegate.m */ = {isa = PBXFileReference; lastKnownFileType = sourcecode.c.objc; path = AppDelegate.m; sourceTree = "<group>"; };
		E7A596C71B8564D0004D02FC /* ViewController.h */ = {isa = PBXFileReference; lastKnownFileType = sourcecode.c.h; path = ViewController.h; sourceTree = "<group>"; };
		E7A596C81B8564D0004D02FC /* ViewController.m */ = {isa = PBXFileReference; lastKnownFileType = sourcecode.c.objc; path = ViewController.m; sourceTree = "<group>"; };
		E7A596CB1B8564D0004D02FC /* Base */ = {isa = PBXFileReference; lastKnownFileType = file.storyboard; name = Base; path = Base.lproj/Main.storyboard; sourceTree = "<group>"; };
		E7A596CD1B8564D0004D02FC /* Images.xcassets */ = {isa = PBXFileReference; lastKnownFileType = folder.assetcatalog; path = Images.xcassets; sourceTree = "<group>"; };
		E7A596D01B8564D0004D02FC /* Base */ = {isa = PBXFileReference; lastKnownFileType = file.xib; name = Base; path = Base.lproj/LaunchScreen.xib; sourceTree = "<group>"; };
		E7A596D61B8564D0004D02FC /* GLEntityTests.xctest */ = {isa = PBXFileReference; explicitFileType = wrapper.cfbundle; includeInIndex = 0; path = GLEntityTests.xctest; sourceTree = BUILT_PRODUCTS_DIR; };
		E7A596DB1B8564D0004D02FC /* Info.plist */ = {isa = PBXFileReference; lastKnownFileType = text.plist.xml; path = Info.plist; sourceTree = "<group>"; };
		E7A596DC1B8564D0004D02FC /* GLEntityTests.m */ = {isa = PBXFileReference; lastKnownFileType = sourcecode.c.objc; path = GLEntityTests.m; sourceTree = "<group>"; };
		E7A596FE1B856686004D02FC /* libsqlite3.dylib */ = {isa = PBXFileReference; lastKnownFileType = "compiled.mach-o.dylib"; name = libsqlite3.dylib; path = usr/lib/libsqlite3.dylib; sourceTree = SDKROOT; };
		E7A597081B8579CD004D02FC /* Person.h */ = {isa = PBXFileReference; fileEncoding = 4; lastKnownFileType = sourcecode.c.h; path = Person.h; sourceTree = "<group>"; };
		E7A597091B8579CD004D02FC /* Person.m */ = {isa = PBXFileReference; fileEncoding = 4; lastKnownFileType = sourcecode.c.objc; path = Person.m; sourceTree = "<group>"; };
		E7A5970B1B8579F3004D02FC /* Person_birthday.h */ = {isa = PBXFileReference; fileEncoding = 4; lastKnownFileType = sourcecode.c.h; path = Person_birthday.h; sourceTree = "<group>"; };
		E7A5970C1B8579F3004D02FC /* Person_birthday.m */ = {isa = PBXFileReference; fileEncoding = 4; lastKnownFileType = sourcecode.c.objc; path = Person_birthday.m; sourceTree = "<group>"; };
		E7A5970E1B857A1D004D02FC /* Person_sisters.h */ = {isa = PBXFileReference; fileEncoding = 4; lastKnownFileType = sourcecode.c.h; path = Person_sisters.h; sourceTree = "<group>"; };
		E7A5970F1B857A1D004D02FC /* Person_sisters.m */ = {isa = PBXFileReference; fileEncoding = 4; lastKnownFileType = sourcecode.c.objc; path = Person_sisters.m; sourceTree = "<group>"; };
		E7A597111B857AA8004D02FC /* SubViewController.h */ = {isa = PBXFileReference; fileEncoding = 4; lastKnownFileType = sourcecode.c.h; path = SubViewController.h; sourceTree = "<group>"; };
		E7A597121B857AA8004D02FC /* SubViewController.m */ = {isa = PBXFileReference; fileEncoding = 4; lastKnownFileType = sourcecode.c.objc; path = SubViewController.m; sourceTree = "<group>"; };
		E7A597131B857AA8004D02FC /* SubViewController.xib */ = {isa = PBXFileReference; fileEncoding = 4; lastKnownFileType = file.xib; path = SubViewController.xib; sourceTree = "<group>"; };
		E7A597141B857AA8004D02FC /* TableViewCell.h */ = {isa = PBXFileReference; fileEncoding = 4; lastKnownFileType = sourcecode.c.h; path = TableViewCell.h; sourceTree = "<group>"; };
		E7A597151B857AA8004D02FC /* TableViewCell.m */ = {isa = PBXFileReference; fileEncoding = 4; lastKnownFileType = sourcecode.c.objc; path = TableViewCell.m; sourceTree = "<group>"; };
		E7A597161B857AA8004D02FC /* TableViewCell.xib */ = {isa = PBXFileReference; fileEncoding = 4; lastKnownFileType = file.xib; path = TableViewCell.xib; sourceTree = "<group>"; };
		E7A5971B1B859644004D02FC /* README.md */ = {isa = PBXFileReference; fileEncoding = 4; lastKnownFileType = net.daringfireball.markdown; name = README.md; path = ../README.md; sourceTree = "<group>"; };
		E7DB1BC71BA16E6E0058A2B5 /* LICENSE */ = {isa = PBXFileReference; fileEncoding = 4; lastKnownFileType = text; name = LICENSE; path = ../LICENSE; sourceTree = "<group>"; };
		E7DB1BC91BA16E770058A2B5 /* GLEntity.podspec */ = {isa = PBXFileReference; fileEncoding = 4; lastKnownFileType = text; name = GLEntity.podspec; path = ../GLEntity.podspec; sourceTree = "<group>"; };
		E7DB1BCC1BA175450058A2B5 /* JSONKit.h */ = {isa = PBXFileReference; fileEncoding = 4; lastKnownFileType = sourcecode.c.h; path = JSONKit.h; sourceTree = "<group>"; };
		E7DB1BCD1BA175450058A2B5 /* JSONKit.m */ = {isa = PBXFileReference; fileEncoding = 4; lastKnownFileType = sourcecode.c.objc; path = JSONKit.m; sourceTree = "<group>"; };
		E7DB1BD21BA176130058A2B5 /* FMDatabase.h */ = {isa = PBXFileReference; fileEncoding = 4; lastKnownFileType = sourcecode.c.h; path = FMDatabase.h; sourceTree = "<group>"; };
		E7DB1BD31BA176130058A2B5 /* FMDatabase.m */ = {isa = PBXFileReference; fileEncoding = 4; lastKnownFileType = sourcecode.c.objc; path = FMDatabase.m; sourceTree = "<group>"; };
		E7DB1BD41BA176130058A2B5 /* FMDatabaseAdditions.h */ = {isa = PBXFileReference; fileEncoding = 4; lastKnownFileType = sourcecode.c.h; path = FMDatabaseAdditions.h; sourceTree = "<group>"; };
		E7DB1BD51BA176130058A2B5 /* FMDatabaseAdditions.m */ = {isa = PBXFileReference; fileEncoding = 4; lastKnownFileType = sourcecode.c.objc; path = FMDatabaseAdditions.m; sourceTree = "<group>"; };
		E7DB1BD61BA176130058A2B5 /* FMDatabasePool.h */ = {isa = PBXFileReference; fileEncoding = 4; lastKnownFileType = sourcecode.c.h; path = FMDatabasePool.h; sourceTree = "<group>"; };
		E7DB1BD71BA176130058A2B5 /* FMDatabasePool.m */ = {isa = PBXFileReference; fileEncoding = 4; lastKnownFileType = sourcecode.c.objc; path = FMDatabasePool.m; sourceTree = "<group>"; };
		E7DB1BD81BA176130058A2B5 /* FMDatabaseQueue.h */ = {isa = PBXFileReference; fileEncoding = 4; lastKnownFileType = sourcecode.c.h; path = FMDatabaseQueue.h; sourceTree = "<group>"; };
		E7DB1BD91BA176130058A2B5 /* FMDatabaseQueue.m */ = {isa = PBXFileReference; fileEncoding = 4; lastKnownFileType = sourcecode.c.objc; path = FMDatabaseQueue.m; sourceTree = "<group>"; };
		E7DB1BDA1BA176130058A2B5 /* FMDB.h */ = {isa = PBXFileReference; fileEncoding = 4; lastKnownFileType = sourcecode.c.h; path = FMDB.h; sourceTree = "<group>"; };
		E7DB1BDB1BA176130058A2B5 /* FMResultSet.h */ = {isa = PBXFileReference; fileEncoding = 4; lastKnownFileType = sourcecode.c.h; path = FMResultSet.h; sourceTree = "<group>"; };
		E7DB1BDC1BA176130058A2B5 /* FMResultSet.m */ = {isa = PBXFileReference; fileEncoding = 4; lastKnownFileType = sourcecode.c.objc; path = FMResultSet.m; sourceTree = "<group>"; };
		E7DB1BED1BA17FFA0058A2B5 /* GLBaseEntity.h */ = {isa = PBXFileReference; fileEncoding = 4; lastKnownFileType = sourcecode.c.h; path = GLBaseEntity.h; sourceTree = "<group>"; };
		E7DB1BEE1BA17FFA0058A2B5 /* GLBaseEntity.m */ = {isa = PBXFileReference; fileEncoding = 4; lastKnownFileType = sourcecode.c.objc; path = GLBaseEntity.m; sourceTree = "<group>"; };
		E7DB1BEF1BA17FFA0058A2B5 /* GLDBManager.h */ = {isa = PBXFileReference; fileEncoding = 4; lastKnownFileType = sourcecode.c.h; path = GLDBManager.h; sourceTree = "<group>"; };
		E7DB1BF01BA17FFA0058A2B5 /* GLDBManager.m */ = {isa = PBXFileReference; fileEncoding = 4; lastKnownFileType = sourcecode.c.objc; path = GLDBManager.m; sourceTree = "<group>"; };
		E7FF03FE1C72CBB700E39BA0 /* NSString+AddFormatter.h */ = {isa = PBXFileReference; fileEncoding = 4; lastKnownFileType = sourcecode.c.h; path = "NSString+AddFormatter.h"; sourceTree = "<group>"; };
		E7FF03FF1C72CBB700E39BA0 /* NSString+AddFormatter.m */ = {isa = PBXFileReference; fileEncoding = 4; lastKnownFileType = sourcecode.c.objc; path = "NSString+AddFormatter.m"; sourceTree = "<group>"; };
/* End PBXFileReference section */

/* Begin PBXFrameworksBuildPhase section */
		E7A596BA1B8564D0004D02FC /* Frameworks */ = {
			isa = PBXFrameworksBuildPhase;
			buildActionMask = 2147483647;
			files = (
				E7A596FF1B856686004D02FC /* libsqlite3.dylib in Frameworks */,
			);
			runOnlyForDeploymentPostprocessing = 0;
		};
		E7A596D31B8564D0004D02FC /* Frameworks */ = {
			isa = PBXFrameworksBuildPhase;
			buildActionMask = 2147483647;
			files = (
			);
			runOnlyForDeploymentPostprocessing = 0;
		};
/* End PBXFrameworksBuildPhase section */

/* Begin PBXGroup section */
		E7A596B41B8564D0004D02FC = {
			isa = PBXGroup;
			children = (
				E7A5971B1B859644004D02FC /* README.md */,
				E7DB1BC91BA16E770058A2B5 /* GLEntity.podspec */,
				E7DB1BC71BA16E6E0058A2B5 /* LICENSE */,
				E7DB1BEC1BA17FFA0058A2B5 /* GLBaseEntity */,
				E7A597071B85794D004D02FC /* Entities */,
				E7A596BF1B8564D0004D02FC /* GLEntity */,
				E7A596D91B8564D0004D02FC /* GLEntityTests */,
				E7A596BE1B8564D0004D02FC /* Products */,
				E7A596E61B856552004D02FC /* Libs */,
				E7A596FD1B856617004D02FC /* Frameworks */,
			);
			sourceTree = "<group>";
		};
		E7A596BE1B8564D0004D02FC /* Products */ = {
			isa = PBXGroup;
			children = (
				E7A596BD1B8564D0004D02FC /* GLEntity.app */,
				E7A596D61B8564D0004D02FC /* GLEntityTests.xctest */,
			);
			name = Products;
			sourceTree = "<group>";
		};
		E7A596BF1B8564D0004D02FC /* GLEntity */ = {
			isa = PBXGroup;
			children = (
				E7A596C41B8564D0004D02FC /* AppDelegate.h */,
				E7A596C51B8564D0004D02FC /* AppDelegate.m */,
				E7A596C71B8564D0004D02FC /* ViewController.h */,
				E7A596C81B8564D0004D02FC /* ViewController.m */,
				E7A597111B857AA8004D02FC /* SubViewController.h */,
				E7A597121B857AA8004D02FC /* SubViewController.m */,
				E7A597131B857AA8004D02FC /* SubViewController.xib */,
				E7A597141B857AA8004D02FC /* TableViewCell.h */,
				E7A597151B857AA8004D02FC /* TableViewCell.m */,
				E7A597161B857AA8004D02FC /* TableViewCell.xib */,
				E7A596CA1B8564D0004D02FC /* Main.storyboard */,
				E7A596CD1B8564D0004D02FC /* Images.xcassets */,
				E7A596CF1B8564D0004D02FC /* LaunchScreen.xib */,
				E7A596C01B8564D0004D02FC /* Supporting Files */,
			);
			path = GLEntity;
			sourceTree = "<group>";
		};
		E7A596C01B8564D0004D02FC /* Supporting Files */ = {
			isa = PBXGroup;
			children = (
				E7A596C11B8564D0004D02FC /* Info.plist */,
				E7A596C21B8564D0004D02FC /* main.m */,
			);
			name = "Supporting Files";
			sourceTree = "<group>";
		};
		E7A596D91B8564D0004D02FC /* GLEntityTests */ = {
			isa = PBXGroup;
			children = (
				E7A596DC1B8564D0004D02FC /* GLEntityTests.m */,
				E7A596DA1B8564D0004D02FC /* Supporting Files */,
			);
			path = GLEntityTests;
			sourceTree = "<group>";
		};
		E7A596DA1B8564D0004D02FC /* Supporting Files */ = {
			isa = PBXGroup;
			children = (
				E7A596DB1B8564D0004D02FC /* Info.plist */,
			);
			name = "Supporting Files";
			sourceTree = "<group>";
		};
		E7A596E61B856552004D02FC /* Libs */ = {
			isa = PBXGroup;
			children = (
				E7DB1BD11BA176130058A2B5 /* fmdb */,
				E7DB1BCB1BA175450058A2B5 /* JSONKit */,
			);
			path = Libs;
			sourceTree = "<group>";
		};
		E7A596FD1B856617004D02FC /* Frameworks */ = {
			isa = PBXGroup;
			children = (
				E7A596FE1B856686004D02FC /* libsqlite3.dylib */,
			);
			path = Frameworks;
			sourceTree = "<group>";
		};
		E7A597071B85794D004D02FC /* Entities */ = {
			isa = PBXGroup;
			children = (
				E7A597081B8579CD004D02FC /* Person.h */,
				E7A597091B8579CD004D02FC /* Person.m */,
				E7A5970B1B8579F3004D02FC /* Person_birthday.h */,
				E7A5970C1B8579F3004D02FC /* Person_birthday.m */,
				E7A5970E1B857A1D004D02FC /* Person_sisters.h */,
				E7A5970F1B857A1D004D02FC /* Person_sisters.m */,
			);
			path = Entities;
			sourceTree = "<group>";
		};
		E7DB1BCB1BA175450058A2B5 /* JSONKit */ = {
			isa = PBXGroup;
			children = (
				E7DB1BCC1BA175450058A2B5 /* JSONKit.h */,
				E7DB1BCD1BA175450058A2B5 /* JSONKit.m */,
			);
			path = JSONKit;
			sourceTree = "<group>";
		};
		E7DB1BD11BA176130058A2B5 /* fmdb */ = {
			isa = PBXGroup;
			children = (
				E7DB1BD21BA176130058A2B5 /* FMDatabase.h */,
				E7DB1BD31BA176130058A2B5 /* FMDatabase.m */,
				E7DB1BD41BA176130058A2B5 /* FMDatabaseAdditions.h */,
				E7DB1BD51BA176130058A2B5 /* FMDatabaseAdditions.m */,
				E7DB1BD61BA176130058A2B5 /* FMDatabasePool.h */,
				E7DB1BD71BA176130058A2B5 /* FMDatabasePool.m */,
				E7DB1BD81BA176130058A2B5 /* FMDatabaseQueue.h */,
				E7DB1BD91BA176130058A2B5 /* FMDatabaseQueue.m */,
				E7DB1BDA1BA176130058A2B5 /* FMDB.h */,
				E7DB1BDB1BA176130058A2B5 /* FMResultSet.h */,
				E7DB1BDC1BA176130058A2B5 /* FMResultSet.m */,
			);
			path = fmdb;
			sourceTree = "<group>";
		};
		E7DB1BEC1BA17FFA0058A2B5 /* GLBaseEntity */ = {
			isa = PBXGroup;
			children = (
				E7DB1BED1BA17FFA0058A2B5 /* GLBaseEntity.h */,
				E7DB1BEE1BA17FFA0058A2B5 /* GLBaseEntity.m */,
				E7DB1BEF1BA17FFA0058A2B5 /* GLDBManager.h */,
				E7DB1BF01BA17FFA0058A2B5 /* GLDBManager.m */,
				E7FF03FE1C72CBB700E39BA0 /* NSString+AddFormatter.h */,
				E7FF03FF1C72CBB700E39BA0 /* NSString+AddFormatter.m */,
			);
			name = GLBaseEntity;
			path = ../GLBaseEntity;
			sourceTree = "<group>";
		};
/* End PBXGroup section */

/* Begin PBXNativeTarget section */
		E7A596BC1B8564D0004D02FC /* GLEntity */ = {
			isa = PBXNativeTarget;
			buildConfigurationList = E7A596E01B8564D0004D02FC /* Build configuration list for PBXNativeTarget "GLEntity" */;
			buildPhases = (
				E7A596B91B8564D0004D02FC /* Sources */,
				E7A596BA1B8564D0004D02FC /* Frameworks */,
				E7A596BB1B8564D0004D02FC /* Resources */,
			);
			buildRules = (
			);
			dependencies = (
			);
			name = GLEntity;
			productName = GLEntity;
			productReference = E7A596BD1B8564D0004D02FC /* GLEntity.app */;
			productType = "com.apple.product-type.application";
		};
		E7A596D51B8564D0004D02FC /* GLEntityTests */ = {
			isa = PBXNativeTarget;
			buildConfigurationList = E7A596E31B8564D0004D02FC /* Build configuration list for PBXNativeTarget "GLEntityTests" */;
			buildPhases = (
				E7A596D21B8564D0004D02FC /* Sources */,
				E7A596D31B8564D0004D02FC /* Frameworks */,
				E7A596D41B8564D0004D02FC /* Resources */,
			);
			buildRules = (
			);
			dependencies = (
				E7A596D81B8564D0004D02FC /* PBXTargetDependency */,
			);
			name = GLEntityTests;
			productName = GLEntityTests;
			productReference = E7A596D61B8564D0004D02FC /* GLEntityTests.xctest */;
			productType = "com.apple.product-type.bundle.unit-test";
		};
/* End PBXNativeTarget section */

/* Begin PBXProject section */
		E7A596B51B8564D0004D02FC /* Project object */ = {
			isa = PBXProject;
			attributes = {
				LastUpgradeCheck = 0710;
				ORGANIZATIONNAME = guanglong;
				TargetAttributes = {
					E7A596BC1B8564D0004D02FC = {
						CreatedOnToolsVersion = 6.4;
					};
					E7A596D51B8564D0004D02FC = {
						CreatedOnToolsVersion = 6.4;
						TestTargetID = E7A596BC1B8564D0004D02FC;
					};
				};
			};
			buildConfigurationList = E7A596B81B8564D0004D02FC /* Build configuration list for PBXProject "GLEntity" */;
			compatibilityVersion = "Xcode 3.2";
			developmentRegion = English;
			hasScannedForEncodings = 0;
			knownRegions = (
				en,
				Base,
			);
			mainGroup = E7A596B41B8564D0004D02FC;
			productRefGroup = E7A596BE1B8564D0004D02FC /* Products */;
			projectDirPath = "";
			projectRoot = "";
			targets = (
				E7A596BC1B8564D0004D02FC /* GLEntity */,
				E7A596D51B8564D0004D02FC /* GLEntityTests */,
			);
		};
/* End PBXProject section */

/* Begin PBXResourcesBuildPhase section */
		E7A596BB1B8564D0004D02FC /* Resources */ = {
			isa = PBXResourcesBuildPhase;
			buildActionMask = 2147483647;
			files = (
				E7DB1BCA1BA16E770058A2B5 /* GLEntity.podspec in Resources */,
				E7DB1BC81BA16E6E0058A2B5 /* LICENSE in Resources */,
				E7A596CC1B8564D0004D02FC /* Main.storyboard in Resources */,
				E7A5971A1B857AA8004D02FC /* TableViewCell.xib in Resources */,
				E7A596D11B8564D0004D02FC /* LaunchScreen.xib in Resources */,
				E7A596CE1B8564D0004D02FC /* Images.xcassets in Resources */,
				E7A597181B857AA8004D02FC /* SubViewController.xib in Resources */,
			);
			runOnlyForDeploymentPostprocessing = 0;
		};
		E7A596D41B8564D0004D02FC /* Resources */ = {
			isa = PBXResourcesBuildPhase;
			buildActionMask = 2147483647;
			files = (
			);
			runOnlyForDeploymentPostprocessing = 0;
		};
/* End PBXResourcesBuildPhase section */

/* Begin PBXSourcesBuildPhase section */
		E7A596B91B8564D0004D02FC /* Sources */ = {
			isa = PBXSourcesBuildPhase;
			buildActionMask = 2147483647;
			files = (
				E7A597171B857AA8004D02FC /* SubViewController.m in Sources */,
				E7A596C91B8564D0004D02FC /* ViewController.m in Sources */,
				E7DB1BDF1BA176130058A2B5 /* FMDatabasePool.m in Sources */,
				E7A5970D1B8579F3004D02FC /* Person_birthday.m in Sources */,
				E7DB1BE01BA176130058A2B5 /* FMDatabaseQueue.m in Sources */,
				E7DB1BDD1BA176130058A2B5 /* FMDatabase.m in Sources */,
				E7DB1BDE1BA176130058A2B5 /* FMDatabaseAdditions.m in Sources */,
				E7A596C61B8564D0004D02FC /* AppDelegate.m in Sources */,
				E7DB1BF11BA17FFA0058A2B5 /* GLBaseEntity.m in Sources */,
				E7DB1BE11BA176130058A2B5 /* FMResultSet.m in Sources */,
				E7DB1BCF1BA175450058A2B5 /* JSONKit.m in Sources */,
				E7A5970A1B8579CD004D02FC /* Person.m in Sources */,
				E7DB1BF21BA17FFA0058A2B5 /* GLDBManager.m in Sources */,
				E7FF04001C72CBB700E39BA0 /* NSString+AddFormatter.m in Sources */,
				E7A597101B857A1D004D02FC /* Person_sisters.m in Sources */,
				E7A596C31B8564D0004D02FC /* main.m in Sources */,
				E7A597191B857AA8004D02FC /* TableViewCell.m in Sources */,
			);
			runOnlyForDeploymentPostprocessing = 0;
		};
		E7A596D21B8564D0004D02FC /* Sources */ = {
			isa = PBXSourcesBuildPhase;
			buildActionMask = 2147483647;
			files = (
				E7A596DD1B8564D0004D02FC /* GLEntityTests.m in Sources */,
			);
			runOnlyForDeploymentPostprocessing = 0;
		};
/* End PBXSourcesBuildPhase section */

/* Begin PBXTargetDependency section */
		E7A596D81B8564D0004D02FC /* PBXTargetDependency */ = {
			isa = PBXTargetDependency;
			target = E7A596BC1B8564D0004D02FC /* GLEntity */;
			targetProxy = E7A596D71B8564D0004D02FC /* PBXContainerItemProxy */;
		};
/* End PBXTargetDependency section */

/* Begin PBXVariantGroup section */
		E7A596CA1B8564D0004D02FC /* Main.storyboard */ = {
			isa = PBXVariantGroup;
			children = (
				E7A596CB1B8564D0004D02FC /* Base */,
			);
			name = Main.storyboard;
			sourceTree = "<group>";
		};
		E7A596CF1B8564D0004D02FC /* LaunchScreen.xib */ = {
			isa = PBXVariantGroup;
			children = (
				E7A596D01B8564D0004D02FC /* Base */,
			);
			name = LaunchScreen.xib;
			sourceTree = "<group>";
		};
/* End PBXVariantGroup section */

/* Begin XCBuildConfiguration section */
		E7A596DE1B8564D0004D02FC /* Debug */ = {
			isa = XCBuildConfiguration;
			buildSettings = {
				ALWAYS_SEARCH_USER_PATHS = NO;
				CLANG_CXX_LANGUAGE_STANDARD = "gnu++0x";
				CLANG_CXX_LIBRARY = "libc++";
				CLANG_ENABLE_MODULES = YES;
				CLANG_ENABLE_OBJC_ARC = YES;
				CLANG_WARN_BOOL_CONVERSION = YES;
				CLANG_WARN_CONSTANT_CONVERSION = YES;
				CLANG_WARN_DIRECT_OBJC_ISA_USAGE = YES_ERROR;
				CLANG_WARN_EMPTY_BODY = YES;
				CLANG_WARN_ENUM_CONVERSION = YES;
				CLANG_WARN_INT_CONVERSION = YES;
				CLANG_WARN_OBJC_ROOT_CLASS = YES_ERROR;
				CLANG_WARN_UNREACHABLE_CODE = YES;
				CLANG_WARN__DUPLICATE_METHOD_MATCH = YES;
				"CODE_SIGN_IDENTITY[sdk=iphoneos*]" = "iPhone Developer";
				COPY_PHASE_STRIP = NO;
				DEBUG_INFORMATION_FORMAT = "dwarf-with-dsym";
				ENABLE_STRICT_OBJC_MSGSEND = YES;
				ENABLE_TESTABILITY = YES;
				GCC_C_LANGUAGE_STANDARD = gnu99;
				GCC_DYNAMIC_NO_PIC = NO;
				GCC_NO_COMMON_BLOCKS = YES;
				GCC_OPTIMIZATION_LEVEL = 0;
				GCC_PREPROCESSOR_DEFINITIONS = (
					"DEBUG=1",
					"$(inherited)",
				);
				GCC_SYMBOLS_PRIVATE_EXTERN = NO;
				GCC_WARN_64_TO_32_BIT_CONVERSION = YES;
				GCC_WARN_ABOUT_RETURN_TYPE = YES_ERROR;
				GCC_WARN_UNDECLARED_SELECTOR = YES;
				GCC_WARN_UNINITIALIZED_AUTOS = YES_AGGRESSIVE;
				GCC_WARN_UNUSED_FUNCTION = YES;
				GCC_WARN_UNUSED_VARIABLE = YES;
				IPHONEOS_DEPLOYMENT_TARGET = 8.4;
				MTL_ENABLE_DEBUG_INFO = YES;
				ONLY_ACTIVE_ARCH = YES;
				SDKROOT = iphoneos;
				TARGETED_DEVICE_FAMILY = "1,2";
			};
			name = Debug;
		};
		E7A596DF1B8564D0004D02FC /* Release */ = {
			isa = XCBuildConfiguration;
			buildSettings = {
				ALWAYS_SEARCH_USER_PATHS = NO;
				CLANG_CXX_LANGUAGE_STANDARD = "gnu++0x";
				CLANG_CXX_LIBRARY = "libc++";
				CLANG_ENABLE_MODULES = YES;
				CLANG_ENABLE_OBJC_ARC = YES;
				CLANG_WARN_BOOL_CONVERSION = YES;
				CLANG_WARN_CONSTANT_CONVERSION = YES;
				CLANG_WARN_DIRECT_OBJC_ISA_USAGE = YES_ERROR;
				CLANG_WARN_EMPTY_BODY = YES;
				CLANG_WARN_ENUM_CONVERSION = YES;
				CLANG_WARN_INT_CONVERSION = YES;
				CLANG_WARN_OBJC_ROOT_CLASS = YES_ERROR;
				CLANG_WARN_UNREACHABLE_CODE = YES;
				CLANG_WARN__DUPLICATE_METHOD_MATCH = YES;
				"CODE_SIGN_IDENTITY[sdk=iphoneos*]" = "iPhone Developer";
				COPY_PHASE_STRIP = NO;
				DEBUG_INFORMATION_FORMAT = "dwarf-with-dsym";
				ENABLE_NS_ASSERTIONS = NO;
				ENABLE_STRICT_OBJC_MSGSEND = YES;
				GCC_C_LANGUAGE_STANDARD = gnu99;
				GCC_NO_COMMON_BLOCKS = YES;
				GCC_WARN_64_TO_32_BIT_CONVERSION = YES;
				GCC_WARN_ABOUT_RETURN_TYPE = YES_ERROR;
				GCC_WARN_UNDECLARED_SELECTOR = YES;
				GCC_WARN_UNINITIALIZED_AUTOS = YES_AGGRESSIVE;
				GCC_WARN_UNUSED_FUNCTION = YES;
				GCC_WARN_UNUSED_VARIABLE = YES;
				IPHONEOS_DEPLOYMENT_TARGET = 8.4;
				MTL_ENABLE_DEBUG_INFO = NO;
				SDKROOT = iphoneos;
				TARGETED_DEVICE_FAMILY = "1,2";
				VALIDATE_PRODUCT = YES;
			};
			name = Release;
		};
		E7A596E11B8564D0004D02FC /* Debug */ = {
			isa = XCBuildConfiguration;
			buildSettings = {
				ASSETCATALOG_COMPILER_APPICON_NAME = AppIcon;
				ASSETCATALOG_COMPILER_LAUNCHIMAGE_NAME = LaunchImage;
				INFOPLIST_FILE = GLEntity/Info.plist;
				IPHONEOS_DEPLOYMENT_TARGET = 6.0;
				LD_RUNPATH_SEARCH_PATHS = "$(inherited) @executable_path/Frameworks";
				PRODUCT_BUNDLE_IDENTIFIER = "GuanglongLu.$(PRODUCT_NAME:rfc1034identifier)";
				PRODUCT_NAME = "$(TARGET_NAME)";
			};
			name = Debug;
		};
		E7A596E21B8564D0004D02FC /* Release */ = {
			isa = XCBuildConfiguration;
			buildSettings = {
				ASSETCATALOG_COMPILER_APPICON_NAME = AppIcon;
				ASSETCATALOG_COMPILER_LAUNCHIMAGE_NAME = LaunchImage;
				INFOPLIST_FILE = GLEntity/Info.plist;
				IPHONEOS_DEPLOYMENT_TARGET = 6.0;
				LD_RUNPATH_SEARCH_PATHS = "$(inherited) @executable_path/Frameworks";
				PRODUCT_BUNDLE_IDENTIFIER = "GuanglongLu.$(PRODUCT_NAME:rfc1034identifier)";
				PRODUCT_NAME = "$(TARGET_NAME)";
			};
			name = Release;
		};
		E7A596E41B8564D0004D02FC /* Debug */ = {
			isa = XCBuildConfiguration;
			buildSettings = {
				BUNDLE_LOADER = "$(TEST_HOST)";
				FRAMEWORK_SEARCH_PATHS = "$(inherited)";
				GCC_PREPROCESSOR_DEFINITIONS = (
					"DEBUG=1",
					"$(inherited)",
				);
				INFOPLIST_FILE = GLEntityTests/Info.plist;
				LD_RUNPATH_SEARCH_PATHS = "$(inherited) @executable_path/Frameworks @loader_path/Frameworks";
				PRODUCT_BUNDLE_IDENTIFIER = "GuanglongLu.$(PRODUCT_NAME:rfc1034identifier)";
				PRODUCT_NAME = "$(TARGET_NAME)";
				TEST_HOST = "$(BUILT_PRODUCTS_DIR)/GLEntity.app/GLEntity";
			};
			name = Debug;
		};
		E7A596E51B8564D0004D02FC /* Release */ = {
			isa = XCBuildConfiguration;
			buildSettings = {
				BUNDLE_LOADER = "$(TEST_HOST)";
				FRAMEWORK_SEARCH_PATHS = "$(inherited)";
				INFOPLIST_FILE = GLEntityTests/Info.plist;
				LD_RUNPATH_SEARCH_PATHS = "$(inherited) @executable_path/Frameworks @loader_path/Frameworks";
				PRODUCT_BUNDLE_IDENTIFIER = "GuanglongLu.$(PRODUCT_NAME:rfc1034identifier)";
				PRODUCT_NAME = "$(TARGET_NAME)";
				TEST_HOST = "$(BUILT_PRODUCTS_DIR)/GLEntity.app/GLEntity";
			};
			name = Release;
		};
/* End XCBuildConfiguration section */

/* Begin XCConfigurationList section */
		E7A596B81B8564D0004D02FC /* Build configuration list for PBXProject "GLEntity" */ = {
			isa = XCConfigurationList;
			buildConfigurations = (
				E7A596DE1B8564D0004D02FC /* Debug */,
				E7A596DF1B8564D0004D02FC /* Release */,
			);
			defaultConfigurationIsVisible = 0;
			defaultConfigurationName = Release;
		};
		E7A596E01B8564D0004D02FC /* Build configuration list for PBXNativeTarget "GLEntity" */ = {
			isa = XCConfigurationList;
			buildConfigurations = (
				E7A596E11B8564D0004D02FC /* Debug */,
				E7A596E21B8564D0004D02FC /* Release */,
			);
			defaultConfigurationIsVisible = 0;
			defaultConfigurationName = Release;
		};
		E7A596E31B8564D0004D02FC /* Build configuration list for PBXNativeTarget "GLEntityTests" */ = {
			isa = XCConfigurationList;
			buildConfigurations = (
				E7A596E41B8564D0004D02FC /* Debug */,
				E7A596E51B8564D0004D02FC /* Release */,
			);
			defaultConfigurationIsVisible = 0;
			defaultConfigurationName = Release;
		};
/* End XCConfigurationList section */
	};
	rootObject = E7A596B51B8564D0004D02FC /* Project object */;
}
